
Microsoft Visual Studio Solution File, Format Version 12.00
# Visual Studio Version 17
VisualStudioVersion = 17.3.32929.385
MinimumVisualStudioVersion = 10.0.40219.1
Project("{FAE04EC0-301F-11D3-BF4B-00C04F79EFBC}") = "Zadatak1", "Zadatak1\Zadatak1.csproj", "{FE6B5105-34B7-41C3-8F34-02C31FD9BFB1}"
EndProject
Global
	GlobalSection(SolutionConfigurationPlatforms) = preSolution
		Debug|Any CPU = Debug|Any CPU
		Release|Any CPU = Release|Any CPU
	EndGlobalSection
	GlobalSection(ProjectConfigurationPlatforms) = postSolution
		{FE6B5105-34B7-41C3-8F34-02C31FD9BFB1}.Debug|Any CPU.ActiveCfg = Debug|Any CPU
		{FE6B5105-34B7-41C3-8F34-02C31FD9BFB1}.Debug|Any CPU.Build.0 = Debug|Any CPU
		{FE6B5105-34B7-41C3-8F34-02C31FD9BFB1}.Release|Any CPU.ActiveCfg = Release|Any CPU
		{FE6B5105-34B7-41C3-8F34-02C31FD9BFB1}.Release|Any CPU.Build.0 = Release|Any CPU
	EndGlobalSection
	GlobalSection(SolutionProperties) = preSolution
		HideSolutionNode = FALSE
	EndGlobalSection
	GlobalSection(ExtensibilityGlobals) = postSolution
		SolutionGuid = {82BBF7F2-32B8-4494-9AC4-C6286C22B246}
	EndGlobalSection
EndGlobal
